Microsoft Visual Studio Solution File, Format Version 11.00
# Visual Studio 2015
Project("{D0CEBCE3-BB31-0269-0A91-4EA04C6A6A83}") = "NewProject", "NewProject.vcxproj", "{5AECEE1E-F280-904C-D1D3-4520405ABC95}"
EndProject
Global
	GlobalSection(SolutionConfigurationPlatforms) = preSolution
		Debug|Win32 = Debug|Win32
		Release|Win32 = Release|Win32
	EndGlobalSection
	GlobalSection(ProjectConfigurationPlatforms) = postSolution
		{5AECEE1E-F280-904C-D1D3-4520405ABC95}.Debug|Win32.ActiveCfg = Debug|Win32
		{5AECEE1E-F280-904C-D1D3-4520405ABC95}.Debug|Win32.Build.0 = Debug|Win32
		{5AECEE1E-F280-904C-D1D3-4520405ABC95}.Release|Win32.ActiveCfg = Release|Win32
		{5AECEE1E-F280-904C-D1D3-4520405ABC95}.Release|Win32.Build.0 = Release|Win32
	EndGlobalSection
	GlobalSection(SolutionProperties) = preSolution
		HideSolutionNode = FALSE
	EndGlobalSection
EndGlobal
